
Microsoft Visual Studio Solution File, Format Version 12.00
# Visual Studio Version 17
VisualStudioVersion = 17.11.35327.3
MinimumVisualStudioVersion = 10.0.40219.1
Project("{888888A0-9F3D-457C-B088-3A5042F75D52}") = "snakeGame", "snakeGame\snakeGame.pyproj", "{7F453736-6729-4FE8-937D-BBC78C4A5132}"
EndProject
Global
	GlobalSection(SolutionConfigurationPlatforms) = preSolution
		Debug|Any CPU = Debug|Any CPU
		Release|Any CPU = Release|Any CPU
	EndGlobalSection
	GlobalSection(ProjectConfigurationPlatforms) = postSolution
		{7F453736-6729-4FE8-937D-BBC78C4A5132}.Debug|Any CPU.ActiveCfg = Debug|Any CPU
		{7F453736-6729-4FE8-937D-BBC78C4A5132}.Release|Any CPU.ActiveCfg = Release|Any CPU
	EndGlobalSection
	GlobalSection(SolutionProperties) = preSolution
		HideSolutionNode = FALSE
	EndGlobalSection
	GlobalSection(ExtensibilityGlobals) = postSolution
		SolutionGuid = {BB2171D0-76A9-4CCA-AB2D-B716D5349262}
	EndGlobalSection
EndGlobal
